
Microsoft Visual Studio Solution File, Format Version 12.00
# Visual Studio Version 16
VisualStudioVersion = 16.0.30114.105
MinimumVisualStudioVersion = 10.0.40219.1
Project("{FAE04EC0-301F-11D3-BF4B-00C04F79EFBC}") = "Katas.Range.Tests", "Katas.Range.Tests\Katas.Range.Tests.csproj", "{F9CDC47F-7A5C-4928-929F-17ED1B35A664}"
EndProject
Project("{FAE04EC0-301F-11D3-BF4B-00C04F79EFBC}") = "Katas.Range", "Katas.Range\Katas.Range.csproj", "{4DD729C2-C77F-4570-8482-7F05857DA923}"
EndProject
Global
	GlobalSection(SolutionConfigurationPlatforms) = preSolution
		Debug|Any CPU = Debug|Any CPU
		Release|Any CPU = Release|Any CPU
	EndGlobalSection
	GlobalSection(SolutionProperties) = preSolution
		HideSolutionNode = FALSE
	EndGlobalSection
	GlobalSection(ProjectConfigurationPlatforms) = postSolution
		{F9CDC47F-7A5C-4928-929F-17ED1B35A664}.Debug|Any CPU.ActiveCfg = Debug|Any CPU
		{F9CDC47F-7A5C-4928-929F-17ED1B35A664}.Debug|Any CPU.Build.0 = Debug|Any CPU
		{F9CDC47F-7A5C-4928-929F-17ED1B35A664}.Release|Any CPU.ActiveCfg = Release|Any CPU
		{F9CDC47F-7A5C-4928-929F-17ED1B35A664}.Release|Any CPU.Build.0 = Release|Any CPU
		{4DD729C2-C77F-4570-8482-7F05857DA923}.Debug|Any CPU.ActiveCfg = Debug|Any CPU
		{4DD729C2-C77F-4570-8482-7F05857DA923}.Debug|Any CPU.Build.0 = Debug|Any CPU
		{4DD729C2-C77F-4570-8482-7F05857DA923}.Release|Any CPU.ActiveCfg = Release|Any CPU
		{4DD729C2-C77F-4570-8482-7F05857DA923}.Release|Any CPU.Build.0 = Release|Any CPU
	EndGlobalSection
EndGlobal
